{
  "originHash" : "686d7f7c376fdf131e8a4b0a5a541f9d8346524b721ed303762cf5f4cc17636b",
  "pins" : [
    {
      "identity" : "musicboxswift",
      "kind" : "remoteSourceControl",
      "location" : "https://github.com/darkCavalier11/MusicBoxSwift",
      "state" : {
        "branch" : "main",
        "revision" : "3b6d32dee00fbbb92bd3cacb24f98f5555efa6ae"
      }
    },
    {
      "identity" : "rxswift",
      "kind" : "remoteSourceControl",
      "location" : "https://github.com/ReactiveX/RxSwift",
      "state" : {
        "revision" : "c7c7d2cf50a3211fe2843f76869c698e4e417930",
        "version" : "6.8.0"
      }
    },
    {
      "identity" : "swiftsoup",
      "kind" : "remoteSourceControl",
      "location" : "https://github.com/scinfu/SwiftSoup.git",
      "state" : {
        "revision" : "3c2c7e1e72b8abd96eafbae80323c5c1e5317437",
        "version" : "2.7.5"
      }
    },
    {
      "identity" : "swinject",
      "kind" : "remoteSourceControl",
      "location" : "https://github.com/Swinject/Swinject",
      "state" : {
        "revision" : "be9dbcc7b86811bc131539a20c6f9c2d3e56919f",
        "version" : "2.9.1"
      }
    },
    {
      "identity" : "youtubekit",
      "kind" : "remoteSourceControl",
      "location" : "https://github.com/alexeichhorn/YouTubeKit.git",
      "state" : {
        "revision" : "a04805da8111422e1581ca447e2e167808ec2b44",
        "version" : "0.2.3"
      }
    }
  ],
  "version" : 3
}
