// !$*UTF8*$!
{
	archiveVersion = 1;
	classes = {
	};
	objectVersion = 77;
	objects = {

/* Begin PBXBuildFile section */
		951EC65D2CCA707A00E77B2F /* MusicItemModel+CoreDataClass.swift in Sources */ = {isa = PBXBuildFile; fileRef = 951EC6592CCA707A00E77B2F /* MusicItemModel+CoreDataClass.swift */; };
		951EC65E2CCA707A00E77B2F /* MusicPlaylistModel+CoreDataProperties.swift in Sources */ = {isa = PBXBuildFile; fileRef = 951EC65C2CCA707A00E77B2F /* MusicPlaylistModel+CoreDataProperties.swift */; };
		951EC65F2CCA707A00E77B2F /* MusicPlaylistModel+CoreDataClass.swift in Sources */ = {isa = PBXBuildFile; fileRef = 951EC65B2CCA707A00E77B2F /* MusicPlaylistModel+CoreDataClass.swift */; };
		951EC6602CCA707A00E77B2F /* MusicItemModel+CoreDataProperties.swift in Sources */ = {isa = PBXBuildFile; fileRef = 951EC65A2CCA707A00E77B2F /* MusicItemModel+CoreDataProperties.swift */; };
		955C78552CC51DCC0066BE43 /* RxSwift in Frameworks */ = {isa = PBXBuildFile; productRef = 955C78542CC51DCC0066BE43 /* RxSwift */; };
		955C78572CC51DFD0066BE43 /* RxCocoa in Frameworks */ = {isa = PBXBuildFile; productRef = 955C78562CC51DFD0066BE43 /* RxCocoa */; };
/* End PBXBuildFile section */

/* Begin PBXContainerItemProxy section */
		955C77C02CC4BD1F0066BE43 /* PBXContainerItemProxy */ = {
			isa = PBXContainerItemProxy;
			containerPortal = 955C779E2CC4BD1E0066BE43 /* Project object */;
			proxyType = 1;
			remoteGlobalIDString = 955C77A52CC4BD1E0066BE43;
			remoteInfo = MusicBoxApp;
		};
		955C77CA2CC4BD1F0066BE43 /* PBXContainerItemProxy */ = {
			isa = PBXContainerItemProxy;
			containerPortal = 955C779E2CC4BD1E0066BE43 /* Project object */;
			proxyType = 1;
			remoteGlobalIDString = 955C77A52CC4BD1E0066BE43;
			remoteInfo = MusicBoxApp;
		};
/* End PBXContainerItemProxy section */

/* Begin PBXFileReference section */
		951EC6592CCA707A00E77B2F /* MusicItemModel+CoreDataClass.swift */ = {isa = PBXFileReference; lastKnownFileType = sourcecode.swift; name = "MusicItemModel+CoreDataClass.swift"; path = "MusicBoxApp/CoreDataModels/MusicItemModel+CoreDataClass.swift"; sourceTree = "<group>"; };
		951EC65A2CCA707A00E77B2F /* MusicItemModel+CoreDataProperties.swift */ = {isa = PBXFileReference; lastKnownFileType = sourcecode.swift; name = "MusicItemModel+CoreDataProperties.swift"; path = "MusicBoxApp/CoreDataModels/MusicItemModel+CoreDataProperties.swift"; sourceTree = "<group>"; };
		951EC65B2CCA707A00E77B2F /* MusicPlaylistModel+CoreDataClass.swift */ = {isa = PBXFileReference; lastKnownFileType = sourcecode.swift; name = "MusicPlaylistModel+CoreDataClass.swift"; path = "MusicBoxApp/CoreDataModels/MusicPlaylistModel+CoreDataClass.swift"; sourceTree = "<group>"; };
		951EC65C2CCA707A00E77B2F /* MusicPlaylistModel+CoreDataProperties.swift */ = {isa = PBXFileReference; lastKnownFileType = sourcecode.swift; name = "MusicPlaylistModel+CoreDataProperties.swift"; path = "MusicBoxApp/CoreDataModels/MusicPlaylistModel+CoreDataProperties.swift"; sourceTree = "<group>"; };
		955C77A62CC4BD1E0066BE43 /* MusicBoxApp.app */ = {isa = PBXFileReference; explicitFileType = wrapper.application; includeInIndex = 0; path = MusicBoxApp.app; sourceTree = BUILT_PRODUCTS_DIR; };
		955C77BF2CC4BD1F0066BE43 /* MusicBoxAppTests.xctest */ = {isa = PBXFileReference; explicitFileType = wrapper.cfbundle; includeInIndex = 0; path = MusicBoxAppTests.xctest; sourceTree = BUILT_PRODUCTS_DIR; };
		955C77C92CC4BD1F0066BE43 /* MusicBoxAppUITests.xctest */ = {isa = PBXFileReference; explicitFileType = wrapper.cfbundle; includeInIndex = 0; path = MusicBoxAppUITests.xctest; sourceTree = BUILT_PRODUCTS_DIR; };
/* End PBXFileReference section */

/* Begin PBXFileSystemSynchronizedBuildFileExceptionSet section */
		955C77D12CC4BD1F0066BE43 /* Exceptions for "MusicBoxApp" folder in "MusicBoxApp" target */ = {
			isa = PBXFileSystemSynchronizedBuildFileExceptionSet;
			membershipExceptions = (
				Resources/Info.plist,
			);
			target = 955C77A52CC4BD1E0066BE43 /* MusicBoxApp */;
		};
/* End PBXFileSystemSynchronizedBuildFileExceptionSet section */

/* Begin PBXFileSystemSynchronizedRootGroup section */
		955C77A82CC4BD1E0066BE43 /* MusicBoxApp */ = {
			isa = PBXFileSystemSynchronizedRootGroup;
			exceptions = (
				955C77D12CC4BD1F0066BE43 /* Exceptions for "MusicBoxApp" folder in "MusicBoxApp" target */,
			);
			path = MusicBoxApp;
			sourceTree = "<group>";
		};
		955C77C22CC4BD1F0066BE43 /* MusicBoxAppTests */ = {
			isa = PBXFileSystemSynchronizedRootGroup;
			path = MusicBoxAppTests;
			sourceTree = "<group>";
		};
		955C77CC2CC4BD1F0066BE43 /* MusicBoxAppUITests */ = {
			isa = PBXFileSystemSynchronizedRootGroup;
			path = MusicBoxAppUITests;
			sourceTree = "<group>";
		};
/* End PBXFileSystemSynchronizedRootGroup section */

/* Begin PBXFrameworksBuildPhase section */
		955C77A32CC4BD1E0066BE43 /* Frameworks */ = {
			isa = PBXFrameworksBuildPhase;
			buildActionMask = 2147483647;
			files = (
				955C78572CC51DFD0066BE43 /* RxCocoa in Frameworks */,
				955C78552CC51DCC0066BE43 /* RxSwift in Frameworks */,
			);
			runOnlyForDeploymentPostprocessing = 0;
		};
		955C77BC2CC4BD1F0066BE43 /* Frameworks */ = {
			isa = PBXFrameworksBuildPhase;
			buildActionMask = 2147483647;
			files = (
			);
			runOnlyForDeploymentPostprocessing = 0;
		};
		955C77C62CC4BD1F0066BE43 /* Frameworks */ = {
			isa = PBXFrameworksBuildPhase;
			buildActionMask = 2147483647;
			files = (
			);
			runOnlyForDeploymentPostprocessing = 0;
		};
/* End PBXFrameworksBuildPhase section */

/* Begin PBXGroup section */
		955C779D2CC4BD1E0066BE43 = {
			isa = PBXGroup;
			children = (
				951EC6592CCA707A00E77B2F /* MusicItemModel+CoreDataClass.swift */,
				951EC65A2CCA707A00E77B2F /* MusicItemModel+CoreDataProperties.swift */,
				951EC65B2CCA707A00E77B2F /* MusicPlaylistModel+CoreDataClass.swift */,
				951EC65C2CCA707A00E77B2F /* MusicPlaylistModel+CoreDataProperties.swift */,
				955C77A82CC4BD1E0066BE43 /* MusicBoxApp */,
				955C77C22CC4BD1F0066BE43 /* MusicBoxAppTests */,
				955C77CC2CC4BD1F0066BE43 /* MusicBoxAppUITests */,
				955C784B2CC4EF070066BE43 /* Frameworks */,
				955C77A72CC4BD1E0066BE43 /* Products */,
			);
			sourceTree = "<group>";
		};
		955C77A72CC4BD1E0066BE43 /* Products */ = {
			isa = PBXGroup;
			children = (
				955C77A62CC4BD1E0066BE43 /* MusicBoxApp.app */,
				955C77BF2CC4BD1F0066BE43 /* MusicBoxAppTests.xctest */,
				955C77C92CC4BD1F0066BE43 /* MusicBoxAppUITests.xctest */,
			);
			name = Products;
			sourceTree = "<group>";
		};
		955C784B2CC4EF070066BE43 /* Frameworks */ = {
			isa = PBXGroup;
			children = (
			);
			name = Frameworks;
			sourceTree = "<group>";
		};
/* End PBXGroup section */

/* Begin PBXNativeTarget section */
		955C77A52CC4BD1E0066BE43 /* MusicBoxApp */ = {
			isa = PBXNativeTarget;
			buildConfigurationList = 955C77D22CC4BD1F0066BE43 /* Build configuration list for PBXNativeTarget "MusicBoxApp" */;
			buildPhases = (
				955C77A22CC4BD1E0066BE43 /* Sources */,
				955C77A32CC4BD1E0066BE43 /* Frameworks */,
				955C77A42CC4BD1E0066BE43 /* Resources */,
			);
			buildRules = (
			);
			dependencies = (
			);
			fileSystemSynchronizedGroups = (
				955C77A82CC4BD1E0066BE43 /* MusicBoxApp */,
			);
			name = MusicBoxApp;
			packageProductDependencies = (
				955C78542CC51DCC0066BE43 /* RxSwift */,
				955C78562CC51DFD0066BE43 /* RxCocoa */,
			);
			productName = MusicBoxApp;
			productReference = 955C77A62CC4BD1E0066BE43 /* MusicBoxApp.app */;
			productType = "com.apple.product-type.application";
		};
		955C77BE2CC4BD1F0066BE43 /* MusicBoxAppTests */ = {
			isa = PBXNativeTarget;
			buildConfigurationList = 955C77D72CC4BD1F0066BE43 /* Build configuration list for PBXNativeTarget "MusicBoxAppTests" */;
			buildPhases = (
				955C77BB2CC4BD1F0066BE43 /* Sources */,
				955C77BC2CC4BD1F0066BE43 /* Frameworks */,
				955C77BD2CC4BD1F0066BE43 /* Resources */,
			);
			buildRules = (
			);
			dependencies = (
				955C77C12CC4BD1F0066BE43 /* PBXTargetDependency */,
			);
			fileSystemSynchronizedGroups = (
				955C77C22CC4BD1F0066BE43 /* MusicBoxAppTests */,
			);
			name = MusicBoxAppTests;
			packageProductDependencies = (
			);
			productName = MusicBoxAppTests;
			productReference = 955C77BF2CC4BD1F0066BE43 /* MusicBoxAppTests.xctest */;
			productType = "com.apple.product-type.bundle.unit-test";
		};
		955C77C82CC4BD1F0066BE43 /* MusicBoxAppUITests */ = {
			isa = PBXNativeTarget;
			buildConfigurationList = 955C77DA2CC4BD1F0066BE43 /* Build configuration list for PBXNativeTarget "MusicBoxAppUITests" */;
			buildPhases = (
				955C77C52CC4BD1F0066BE43 /* Sources */,
				955C77C62CC4BD1F0066BE43 /* Frameworks */,
				955C77C72CC4BD1F0066BE43 /* Resources */,
			);
			buildRules = (
			);
			dependencies = (
				955C77CB2CC4BD1F0066BE43 /* PBXTargetDependency */,
			);
			fileSystemSynchronizedGroups = (
				955C77CC2CC4BD1F0066BE43 /* MusicBoxAppUITests */,
			);
			name = MusicBoxAppUITests;
			packageProductDependencies = (
			);
			productName = MusicBoxAppUITests;
			productReference = 955C77C92CC4BD1F0066BE43 /* MusicBoxAppUITests.xctest */;
			productType = "com.apple.product-type.bundle.ui-testing";
		};
/* End PBXNativeTarget section */

/* Begin PBXProject section */
		955C779E2CC4BD1E0066BE43 /* Project object */ = {
			isa = PBXProject;
			attributes = {
				BuildIndependentTargetsInParallel = 1;
				LastSwiftUpdateCheck = 1600;
				LastUpgradeCheck = 1600;
				TargetAttributes = {
					955C77A52CC4BD1E0066BE43 = {
						CreatedOnToolsVersion = 16.0;
					};
					955C77BE2CC4BD1F0066BE43 = {
						CreatedOnToolsVersion = 16.0;
						TestTargetID = 955C77A52CC4BD1E0066BE43;
					};
					955C77C82CC4BD1F0066BE43 = {
						CreatedOnToolsVersion = 16.0;
						TestTargetID = 955C77A52CC4BD1E0066BE43;
					};
				};
			};
			buildConfigurationList = 955C77A12CC4BD1E0066BE43 /* Build configuration list for PBXProject "MusicBoxApp" */;
			developmentRegion = en;
			hasScannedForEncodings = 0;
			knownRegions = (
				en,
				Base,
			);
			mainGroup = 955C779D2CC4BD1E0066BE43;
			minimizedProjectReferenceProxies = 1;
			packageReferences = (
				955C78462CC4E33E0066BE43 /* XCRemoteSwiftPackageReference "RxSwift" */,
				954C86D72CCA0C8200164F1D /* XCRemoteSwiftPackageReference "MusicBoxSwift" */,
			);
			preferredProjectObjectVersion = 77;
			productRefGroup = 955C77A72CC4BD1E0066BE43 /* Products */;
			projectDirPath = "";
			projectRoot = "";
			targets = (
				955C77A52CC4BD1E0066BE43 /* MusicBoxApp */,
				955C77BE2CC4BD1F0066BE43 /* MusicBoxAppTests */,
				955C77C82CC4BD1F0066BE43 /* MusicBoxAppUITests */,
			);
		};
/* End PBXProject section */

/* Begin PBXResourcesBuildPhase section */
		955C77A42CC4BD1E0066BE43 /* Resources */ = {
			isa = PBXResourcesBuildPhase;
			buildActionMask = 2147483647;
			files = (
			);
			runOnlyForDeploymentPostprocessing = 0;
		};
		955C77BD2CC4BD1F0066BE43 /* Resources */ = {
			isa = PBXResourcesBuildPhase;
			buildActionMask = 2147483647;
			files = (
			);
			runOnlyForDeploymentPostprocessing = 0;
		};
		955C77C72CC4BD1F0066BE43 /* Resources */ = {
			isa = PBXResourcesBuildPhase;
			buildActionMask = 2147483647;
			files = (
			);
			runOnlyForDeploymentPostprocessing = 0;
		};
/* End PBXResourcesBuildPhase section */

/* Begin PBXSourcesBuildPhase section */
		955C77A22CC4BD1E0066BE43 /* Sources */ = {
			isa = PBXSourcesBuildPhase;
			buildActionMask = 2147483647;
			files = (
				951EC65D2CCA707A00E77B2F /* MusicItemModel+CoreDataClass.swift in Sources */,
				951EC65E2CCA707A00E77B2F /* MusicPlaylistModel+CoreDataProperties.swift in Sources */,
				951EC65F2CCA707A00E77B2F /* MusicPlaylistModel+CoreDataClass.swift in Sources */,
				951EC6602CCA707A00E77B2F /* MusicItemModel+CoreDataProperties.swift in Sources */,
			);
			runOnlyForDeploymentPostprocessing = 0;
		};
		955C77BB2CC4BD1F0066BE43 /* Sources */ = {
			isa = PBXSourcesBuildPhase;
			buildActionMask = 2147483647;
			files = (
			);
			runOnlyForDeploymentPostprocessing = 0;
		};
		955C77C52CC4BD1F0066BE43 /* Sources */ = {
			isa = PBXSourcesBuildPhase;
			buildActionMask = 2147483647;
			files = (
			);
			runOnlyForDeploymentPostprocessing = 0;
		};
/* End PBXSourcesBuildPhase section */

/* Begin PBXTargetDependency section */
		955C77C12CC4BD1F0066BE43 /* PBXTargetDependency */ = {
			isa = PBXTargetDependency;
			target = 955C77A52CC4BD1E0066BE43 /* MusicBoxApp */;
			targetProxy = 955C77C02CC4BD1F0066BE43 /* PBXContainerItemProxy */;
		};
		955C77CB2CC4BD1F0066BE43 /* PBXTargetDependency */ = {
			isa = PBXTargetDependency;
			target = 955C77A52CC4BD1E0066BE43 /* MusicBoxApp */;
			targetProxy = 955C77CA2CC4BD1F0066BE43 /* PBXContainerItemProxy */;
		};
/* End PBXTargetDependency section */

/* Begin XCBuildConfiguration section */
		955C77D32CC4BD1F0066BE43 /* Debug */ = {
			isa = XCBuildConfiguration;
			buildSettings = {
				ASSETCATALOG_COMPILER_APPICON_NAME = AppIcon;
				ASSETCATALOG_COMPILER_GLOBAL_ACCENT_COLOR_NAME = AccentColor;
				CODE_SIGN_STYLE = Automatic;
				CURRENT_PROJECT_VERSION = 1;
				DEVELOPMENT_TEAM = 5729K49X7Z;
				GENERATE_INFOPLIST_FILE = YES;
				INFOPLIST_FILE = MusicBoxApp/Resources/Info.plist;
				INFOPLIST_KEY_UIApplicationSupportsIndirectInputEvents = YES;
				INFOPLIST_KEY_UILaunchStoryboardName = LaunchScreen;
				INFOPLIST_KEY_UISupportedInterfaceOrientations_iPad = "UIInterfaceOrientationPortrait UIInterfaceOrientationPortraitUpsideDown UIInterfaceOrientationLandscapeLeft UIInterfaceOrientationLandscapeRight";
				INFOPLIST_KEY_UISupportedInterfaceOrientations_iPhone = "UIInterfaceOrientationPortrait UIInterfaceOrientationLandscapeLeft UIInterfaceOrientationLandscapeRight";
				LD_RUNPATH_SEARCH_PATHS = (
					"$(inherited)",
					"@executable_path/Frameworks",
				);
				MARKETING_VERSION = 1.0;
				PRODUCT_BUNDLE_IDENTIFIER = com.sumit.MusicBoxApp;
				PRODUCT_NAME = "$(TARGET_NAME)";
				SWIFT_EMIT_LOC_STRINGS = YES;
				SWIFT_VERSION = 5.0;
				TARGETED_DEVICE_FAMILY = "1,2";
			};
			name = Debug;
		};
		955C77D42CC4BD1F0066BE43 /* Release */ = {
			isa = XCBuildConfiguration;
			buildSettings = {
				ASSETCATALOG_COMPILER_APPICON_NAME = AppIcon;
				ASSETCATALOG_COMPILER_GLOBAL_ACCENT_COLOR_NAME = AccentColor;
				CODE_SIGN_STYLE = Automatic;
				CURRENT_PROJECT_VERSION = 1;
				DEVELOPMENT_TEAM = 5729K49X7Z;
				GENERATE_INFOPLIST_FILE = YES;
				INFOPLIST_FILE = MusicBoxApp/Resources/Info.plist;
				INFOPLIST_KEY_UIApplicationSupportsIndirectInputEvents = YES;
				INFOPLIST_KEY_UILaunchStoryboardName = LaunchScreen;
				INFOPLIST_KEY_UISupportedInterfaceOrientations_iPad = "UIInterfaceOrientationPortrait UIInterfaceOrientationPortraitUpsideDown UIInterfaceOrientationLandscapeLeft UIInterfaceOrientationLandscapeRight";
				INFOPLIST_KEY_UISupportedInterfaceOrientations_iPhone = "UIInterfaceOrientationPortrait UIInterfaceOrientationLandscapeLeft UIInterfaceOrientationLandscapeRight";
				LD_RUNPATH_SEARCH_PATHS = (
					"$(inherited)",
					"@executable_path/Frameworks",
				);
				MARKETING_VERSION = 1.0;
				PRODUCT_BUNDLE_IDENTIFIER = com.sumit.MusicBoxApp;
				PRODUCT_NAME = "$(TARGET_NAME)";
				SWIFT_EMIT_LOC_STRINGS = YES;
				SWIFT_VERSION = 5.0;
				TARGETED_DEVICE_FAMILY = "1,2";
			};
			name = Release;
		};
		955C77D52CC4BD1F0066BE43 /* Debug */ = {
			isa = XCBuildConfiguration;
			buildSettings = {
				ALWAYS_SEARCH_USER_PATHS = NO;
				ASSETCATALOG_COMPILER_GENERATE_SWIFT_ASSET_SYMBOL_EXTENSIONS = YES;
				CLANG_ANALYZER_NONNULL = YES;
				CLANG_ANALYZER_NUMBER_OBJECT_CONVERSION = YES_AGGRESSIVE;
				CLANG_CXX_LANGUAGE_STANDARD = "gnu++20";
				CLANG_ENABLE_MODULES = YES;
				CLANG_ENABLE_OBJC_ARC = YES;
				CLANG_ENABLE_OBJC_WEAK = YES;
				CLANG_WARN_BLOCK_CAPTURE_AUTORELEASING = YES;
				CLANG_WARN_BOOL_CONVERSION = YES;
				CLANG_WARN_COMMA = YES;
				CLANG_WARN_CONSTANT_CONVERSION = YES;
				CLANG_WARN_DEPRECATED_OBJC_IMPLEMENTATIONS = YES;
				CLANG_WARN_DIRECT_OBJC_ISA_USAGE = YES_ERROR;
				CLANG_WARN_DOCUMENTATION_COMMENTS = YES;
				CLANG_WARN_EMPTY_BODY = YES;
				CLANG_WARN_ENUM_CONVERSION = YES;
				CLANG_WARN_INFINITE_RECURSION = YES;
				CLANG_WARN_INT_CONVERSION = YES;
				CLANG_WARN_NON_LITERAL_NULL_CONVERSION = YES;
				CLANG_WARN_OBJC_IMPLICIT_RETAIN_SELF = YES;
				CLANG_WARN_OBJC_LITERAL_CONVERSION = YES;
				CLANG_WARN_OBJC_ROOT_CLASS = YES_ERROR;
				CLANG_WARN_QUOTED_INCLUDE_IN_FRAMEWORK_HEADER = YES;
				CLANG_WARN_RANGE_LOOP_ANALYSIS = YES;
				CLANG_WARN_STRICT_PROTOTYPES = YES;
				CLANG_WARN_SUSPICIOUS_MOVE = YES;
				CLANG_WARN_UNGUARDED_AVAILABILITY = YES_AGGRESSIVE;
				CLANG_WARN_UNREACHABLE_CODE = YES;
				CLANG_WARN__DUPLICATE_METHOD_MATCH = YES;
				COPY_PHASE_STRIP = NO;
				DEBUG_INFORMATION_FORMAT = dwarf;
				ENABLE_STRICT_OBJC_MSGSEND = YES;
				ENABLE_TESTABILITY = YES;
				ENABLE_USER_SCRIPT_SANDBOXING = YES;
				GCC_C_LANGUAGE_STANDARD = gnu17;
				GCC_DYNAMIC_NO_PIC = NO;
				GCC_NO_COMMON_BLOCKS = YES;
				GCC_OPTIMIZATION_LEVEL = 0;
				GCC_PREPROCESSOR_DEFINITIONS = (
					"DEBUG=1",
					"$(inherited)",
				);
				GCC_WARN_64_TO_32_BIT_CONVERSION = YES;
				GCC_WARN_ABOUT_RETURN_TYPE = YES_ERROR;
				GCC_WARN_UNDECLARED_SELECTOR = YES;
				GCC_WARN_UNINITIALIZED_AUTOS = YES_AGGRESSIVE;
				GCC_WARN_UNUSED_FUNCTION = YES;
				GCC_WARN_UNUSED_VARIABLE = YES;
				IPHONEOS_DEPLOYMENT_TARGET = 18.0;
				LOCALIZATION_PREFERS_STRING_CATALOGS = YES;
				MTL_ENABLE_DEBUG_INFO = INCLUDE_SOURCE;
				MTL_FAST_MATH = YES;
				ONLY_ACTIVE_ARCH = YES;
				SDKROOT = iphoneos;
				SWIFT_ACTIVE_COMPILATION_CONDITIONS = "DEBUG $(inherited)";
				SWIFT_OPTIMIZATION_LEVEL = "-Onone";
			};
			name = Debug;
		};
		955C77D62CC4BD1F0066BE43 /* Release */ = {
			isa = XCBuildConfiguration;
			buildSettings = {
				ALWAYS_SEARCH_USER_PATHS = NO;
				ASSETCATALOG_COMPILER_GENERATE_SWIFT_ASSET_SYMBOL_EXTENSIONS = YES;
				CLANG_ANALYZER_NONNULL = YES;
				CLANG_ANALYZER_NUMBER_OBJECT_CONVERSION = YES_AGGRESSIVE;
				CLANG_CXX_LANGUAGE_STANDARD = "gnu++20";
				CLANG_ENABLE_MODULES = YES;
				CLANG_ENABLE_OBJC_ARC = YES;
				CLANG_ENABLE_OBJC_WEAK = YES;
				CLANG_WARN_BLOCK_CAPTURE_AUTORELEASING = YES;
				CLANG_WARN_BOOL_CONVERSION = YES;
				CLANG_WARN_COMMA = YES;
				CLANG_WARN_CONSTANT_CONVERSION = YES;
				CLANG_WARN_DEPRECATED_OBJC_IMPLEMENTATIONS = YES;
				CLANG_WARN_DIRECT_OBJC_ISA_USAGE = YES_ERROR;
				CLANG_WARN_DOCUMENTATION_COMMENTS = YES;
				CLANG_WARN_EMPTY_BODY = YES;
				CLANG_WARN_ENUM_CONVERSION = YES;
				CLANG_WARN_INFINITE_RECURSION = YES;
				CLANG_WARN_INT_CONVERSION = YES;
				CLANG_WARN_NON_LITERAL_NULL_CONVERSION = YES;
				CLANG_WARN_OBJC_IMPLICIT_RETAIN_SELF = YES;
				CLANG_WARN_OBJC_LITERAL_CONVERSION = YES;
				CLANG_WARN_OBJC_ROOT_CLASS = YES_ERROR;
				CLANG_WARN_QUOTED_INCLUDE_IN_FRAMEWORK_HEADER = YES;
				CLANG_WARN_RANGE_LOOP_ANALYSIS = YES;
				CLANG_WARN_STRICT_PROTOTYPES = YES;
				CLANG_WARN_SUSPICIOUS_MOVE = YES;
				CLANG_WARN_UNGUARDED_AVAILABILITY = YES_AGGRESSIVE;
				CLANG_WARN_UNREACHABLE_CODE = YES;
				CLANG_WARN__DUPLICATE_METHOD_MATCH = YES;
				COPY_PHASE_STRIP = NO;
				DEBUG_INFORMATION_FORMAT = "dwarf-with-dsym";
				ENABLE_NS_ASSERTIONS = NO;
				ENABLE_STRICT_OBJC_MSGSEND = YES;
				ENABLE_USER_SCRIPT_SANDBOXING = YES;
				GCC_C_LANGUAGE_STANDARD = gnu17;
				GCC_NO_COMMON_BLOCKS = YES;
				GCC_WARN_64_TO_32_BIT_CONVERSION = YES;
				GCC_WARN_ABOUT_RETURN_TYPE = YES_ERROR;
				GCC_WARN_UNDECLARED_SELECTOR = YES;
				GCC_WARN_UNINITIALIZED_AUTOS = YES_AGGRESSIVE;
				GCC_WARN_UNUSED_FUNCTION = YES;
				GCC_WARN_UNUSED_VARIABLE = YES;
				IPHONEOS_DEPLOYMENT_TARGET = 18.0;
				LOCALIZATION_PREFERS_STRING_CATALOGS = YES;
				MTL_ENABLE_DEBUG_INFO = NO;
				MTL_FAST_MATH = YES;
				SDKROOT = iphoneos;
				SWIFT_COMPILATION_MODE = wholemodule;
				VALIDATE_PRODUCT = YES;
			};
			name = Release;
		};
		955C77D82CC4BD1F0066BE43 /* Debug */ = {
			isa = XCBuildConfiguration;
			buildSettings = {
				BUNDLE_LOADER = "$(TEST_HOST)";
				CODE_SIGN_STYLE = Automatic;
				CURRENT_PROJECT_VERSION = 1;
				DEVELOPMENT_TEAM = 5729K49X7Z;
				GENERATE_INFOPLIST_FILE = YES;
				IPHONEOS_DEPLOYMENT_TARGET = 18.0;
				MARKETING_VERSION = 1.0;
				PRODUCT_BUNDLE_IDENTIFIER = com.sumit.MusicBoxAppTests;
				PRODUCT_NAME = "$(TARGET_NAME)";
				SWIFT_EMIT_LOC_STRINGS = NO;
				SWIFT_VERSION = 5.0;
				TARGETED_DEVICE_FAMILY = "1,2";
				TEST_HOST = "$(BUILT_PRODUCTS_DIR)/MusicBoxApp.app/$(BUNDLE_EXECUTABLE_FOLDER_PATH)/MusicBoxApp";
			};
			name = Debug;
		};
		955C77D92CC4BD1F0066BE43 /* Release */ = {
			isa = XCBuildConfiguration;
			buildSettings = {
				BUNDLE_LOADER = "$(TEST_HOST)";
				CODE_SIGN_STYLE = Automatic;
				CURRENT_PROJECT_VERSION = 1;
				DEVELOPMENT_TEAM = 5729K49X7Z;
				GENERATE_INFOPLIST_FILE = YES;
				IPHONEOS_DEPLOYMENT_TARGET = 18.0;
				MARKETING_VERSION = 1.0;
				PRODUCT_BUNDLE_IDENTIFIER = com.sumit.MusicBoxAppTests;
				PRODUCT_NAME = "$(TARGET_NAME)";
				SWIFT_EMIT_LOC_STRINGS = NO;
				SWIFT_VERSION = 5.0;
				TARGETED_DEVICE_FAMILY = "1,2";
				TEST_HOST = "$(BUILT_PRODUCTS_DIR)/MusicBoxApp.app/$(BUNDLE_EXECUTABLE_FOLDER_PATH)/MusicBoxApp";
			};
			name = Release;
		};
		955C77DB2CC4BD1F0066BE43 /* Debug */ = {
			isa = XCBuildConfiguration;
			buildSettings = {
				CODE_SIGN_STYLE = Automatic;
				CURRENT_PROJECT_VERSION = 1;
				DEVELOPMENT_TEAM = 5729K49X7Z;
				GENERATE_INFOPLIST_FILE = YES;
				MARKETING_VERSION = 1.0;
				PRODUCT_BUNDLE_IDENTIFIER = com.sumit.MusicBoxAppUITests;
				PRODUCT_NAME = "$(TARGET_NAME)";
				SWIFT_EMIT_LOC_STRINGS = NO;
				SWIFT_VERSION = 5.0;
				TARGETED_DEVICE_FAMILY = "1,2";
				TEST_TARGET_NAME = MusicBoxApp;
			};
			name = Debug;
		};
		955C77DC2CC4BD1F0066BE43 /* Release */ = {
			isa = XCBuildConfiguration;
			buildSettings = {
				CODE_SIGN_STYLE = Automatic;
				CURRENT_PROJECT_VERSION = 1;
				DEVELOPMENT_TEAM = 5729K49X7Z;
				GENERATE_INFOPLIST_FILE = YES;
				MARKETING_VERSION = 1.0;
				PRODUCT_BUNDLE_IDENTIFIER = com.sumit.MusicBoxAppUITests;
				PRODUCT_NAME = "$(TARGET_NAME)";
				SWIFT_EMIT_LOC_STRINGS = NO;
				SWIFT_VERSION = 5.0;
				TARGETED_DEVICE_FAMILY = "1,2";
				TEST_TARGET_NAME = MusicBoxApp;
			};
			name = Release;
		};
/* End XCBuildConfiguration section */

/* Begin XCConfigurationList section */
		955C77A12CC4BD1E0066BE43 /* Build configuration list for PBXProject "MusicBoxApp" */ = {
			isa = XCConfigurationList;
			buildConfigurations = (
				955C77D52CC4BD1F0066BE43 /* Debug */,
				955C77D62CC4BD1F0066BE43 /* Release */,
			);
			defaultConfigurationIsVisible = 0;
			defaultConfigurationName = Release;
		};
		955C77D22CC4BD1F0066BE43 /* Build configuration list for PBXNativeTarget "MusicBoxApp" */ = {
			isa = XCConfigurationList;
			buildConfigurations = (
				955C77D32CC4BD1F0066BE43 /* Debug */,
				955C77D42CC4BD1F0066BE43 /* Release */,
			);
			defaultConfigurationIsVisible = 0;
			defaultConfigurationName = Release;
		};
		955C77D72CC4BD1F0066BE43 /* Build configuration list for PBXNativeTarget "MusicBoxAppTests" */ = {
			isa = XCConfigurationList;
			buildConfigurations = (
				955C77D82CC4BD1F0066BE43 /* Debug */,
				955C77D92CC4BD1F0066BE43 /* Release */,
			);
			defaultConfigurationIsVisible = 0;
			defaultConfigurationName = Release;
		};
		955C77DA2CC4BD1F0066BE43 /* Build configuration list for PBXNativeTarget "MusicBoxAppUITests" */ = {
			isa = XCConfigurationList;
			buildConfigurations = (
				955C77DB2CC4BD1F0066BE43 /* Debug */,
				955C77DC2CC4BD1F0066BE43 /* Release */,
			);
			defaultConfigurationIsVisible = 0;
			defaultConfigurationName = Release;
		};
/* End XCConfigurationList section */

/* Begin XCRemoteSwiftPackageReference section */
		954C86D72CCA0C8200164F1D /* XCRemoteSwiftPackageReference "MusicBoxSwift" */ = {
			isa = XCRemoteSwiftPackageReference;
			repositoryURL = "https://github.com/darkCavalier11/MusicBoxSwift.git";
			requirement = {
				kind = upToNextMajorVersion;
				minimumVersion = 1.0.3;
			};
		};
		955C78462CC4E33E0066BE43 /* XCRemoteSwiftPackageReference "RxSwift" */ = {
			isa = XCRemoteSwiftPackageReference;
			repositoryURL = "https://github.com/ReactiveX/RxSwift";
			requirement = {
				kind = upToNextMajorVersion;
				minimumVersion = 6.8.0;
			};
		};
/* End XCRemoteSwiftPackageReference section */

/* Begin XCSwiftPackageProductDependency section */
		955C78542CC51DCC0066BE43 /* RxSwift */ = {
			isa = XCSwiftPackageProductDependency;
			package = 955C78462CC4E33E0066BE43 /* XCRemoteSwiftPackageReference "RxSwift" */;
			productName = RxSwift;
		};
		955C78562CC51DFD0066BE43 /* RxCocoa */ = {
			isa = XCSwiftPackageProductDependency;
			package = 955C78462CC4E33E0066BE43 /* XCRemoteSwiftPackageReference "RxSwift" */;
			productName = RxCocoa;
		};
/* End XCSwiftPackageProductDependency section */
	};
	rootObject = 955C779E2CC4BD1E0066BE43 /* Project object */;
}
